// !$*UTF8*$!
{
	archiveVersion = 1;
	classes = {
	};
	objectVersion = 46;
	objects = {

/* Begin PBXBuildFile section */
		0208198D1E6A5BC70089C151 /* AchievementImages.xcassets in Resources */ = {isa = PBXBuildFile; fileRef = 0208198C1E6A5BC70089C151 /* AchievementImages.xcassets */; };
		020A37231E91E5C200CBB595 /* JetpackTrail.sks in Resources */ = {isa = PBXBuildFile; fileRef = 020A37211E91E5C200CBB595 /* JetpackTrail.sks */; };
		020C08471E7F5E4800561BA6 /* PowerUp.swift in Sources */ = {isa = PBXBuildFile; fileRef = 020C08461E7F5E4800561BA6 /* PowerUp.swift */; };
		020C08491E7F75AB00561BA6 /* PowerUpImages.xcassets in Resources */ = {isa = PBXBuildFile; fileRef = 020C08481E7F75AB00561BA6 /* PowerUpImages.xcassets */; };
		021832141EE3C24000914438 /* HeartNode.swift in Sources */ = {isa = PBXBuildFile; fileRef = 021832131EE3C24000914438 /* HeartNode.swift */; };
		0241597B1EE79F4100AFB848 /* OneWayBridgeNode.swift in Sources */ = {isa = PBXBuildFile; fileRef = 0241597A1EE79F4100AFB848 /* OneWayBridgeNode.swift */; };
		0241597D1EE7A69400AFB848 /* ArcadeBlocks.xcassets in Resources */ = {isa = PBXBuildFile; fileRef = 0241597C1EE7A69400AFB848 /* ArcadeBlocks.xcassets */; };
		024985641E994F280014D3FD /* ButtonClick.wav in Resources */ = {isa = PBXBuildFile; fileRef = 024985631E994F280014D3FD /* ButtonClick.wav */; };
		024CBBAA1EBE2D33009D7EBF /* TeleportParticleUp.sks in Resources */ = {isa = PBXBuildFile; fileRef = 024CBBA81EBE2D33009D7EBF /* TeleportParticleUp.sks */; };
		02645E861EF768CC00AC9FDC /* OneWayPlatformNode.swift in Sources */ = {isa = PBXBuildFile; fileRef = 02645E851EF768CC00AC9FDC /* OneWayPlatformNode.swift */; };
		0272A00E1E9DB24C00E17618 /* BallAndChain.swift in Sources */ = {isa = PBXBuildFile; fileRef = 0272A00D1E9DB24C00E17618 /* BallAndChain.swift */; };
		0273C9B61F46252A0000E503 /* StoreImages.xcassets in Resources */ = {isa = PBXBuildFile; fileRef = 0273C9B51F46252A0000E503 /* StoreImages.xcassets */; };
		027546501E7F13A100159F8F /* Achievements.plist in Resources */ = {isa = PBXBuildFile; fileRef = 0275464F1E7F13A100159F8F /* Achievements.plist */; };
		027546541E7F26F000159F8F /* ArcadeModeScene.swift in Sources */ = {isa = PBXBuildFile; fileRef = 027546531E7F26F000159F8F /* ArcadeModeScene.swift */; };
		02934CBD1F3C9ED500BFD8CB /* AchievementStatus.plist in Resources */ = {isa = PBXBuildFile; fileRef = 02934CBC1F3C9ED500BFD8CB /* AchievementStatus.plist */; };
		02A26E161F4236F600AD0385 /* StoreTableViewHandler.swift in Sources */ = {isa = PBXBuildFile; fileRef = 02A26E151F4236F600AD0385 /* StoreTableViewHandler.swift */; };
		02A26E181F42378E00AD0385 /* StoreTableViewCell.swift in Sources */ = {isa = PBXBuildFile; fileRef = 02A26E171F42378E00AD0385 /* StoreTableViewCell.swift */; };
		02A2B52F1E50F10600E7D3B7 /* AchievementTableViewHandler.swift in Sources */ = {isa = PBXBuildFile; fileRef = 02A2B52E1E50F10600E7D3B7 /* AchievementTableViewHandler.swift */; };
		02A2B5341E50FF5100E7D3B7 /* AchievementTableViewCell.swift in Sources */ = {isa = PBXBuildFile; fileRef = 02A2B5331E50FF5100E7D3B7 /* AchievementTableViewCell.swift */; };
		02AFC1971F37E1F20021765B /* StorePurchases.plist in Resources */ = {isa = PBXBuildFile; fileRef = 02AFC1961F37E1F20021765B /* StorePurchases.plist */; };
		02AFC1991F37E3CE0021765B /* StoreKitController.swift in Sources */ = {isa = PBXBuildFile; fileRef = 02AFC1981F37E3CE0021765B /* StoreKitController.swift */; };
		02B20CAF1E633DC900534BCC /* LeaderboardTableViewCell.swift in Sources */ = {isa = PBXBuildFile; fileRef = 02B20CAE1E633DC900534BCC /* LeaderboardTableViewCell.swift */; };
		02C4F2A41E5A84F00036FB19 /* LeaderboardTableViewHandler.swift in Sources */ = {isa = PBXBuildFile; fileRef = 02C4F2A31E5A84F00036FB19 /* LeaderboardTableViewHandler.swift */; };
		02E85D0F1F531F020023D176 /* EventNotifierNode.swift in Sources */ = {isa = PBXBuildFile; fileRef = 02E85D0E1F531F020023D176 /* EventNotifierNode.swift */; };
		02EAFA7A1ECBFDFD00687C99 /* teleport.atlas in Resources */ = {isa = PBXBuildFile; fileRef = 02EAFA791ECBFDFD00687C99 /* teleport.atlas */; };
		1A0584E31CDD27C300B3DF8B /* RoundedBlock.atlas in Resources */ = {isa = PBXBuildFile; fileRef = 1A0584E21CDD27C300B3DF8B /* RoundedBlock.atlas */; };
		1A0584E51CDD281E00B3DF8B /* RoundedBlockNode.swift in Sources */ = {isa = PBXBuildFile; fileRef = 1A0584E41CDD281E00B3DF8B /* RoundedBlockNode.swift */; };
		1A0584E71CDD288900B3DF8B /* Helper.swift in Sources */ = {isa = PBXBuildFile; fileRef = 1A0584E61CDD288900B3DF8B /* Helper.swift */; };
		1A0E90C81CE8E3BC00ED018E /* MellowBurned.sks in Resources */ = {isa = PBXBuildFile; fileRef = 1A0E90C71CE8E3BC00ED018E /* MellowBurned.sks */; };
		1A0F98D81D94669B00D5D551 /* ButtonNode.swift in Sources */ = {isa = PBXBuildFile; fileRef = 1A0F98D71D94669B00D5D551 /* ButtonNode.swift */; };
		1A428CDF1DA4004D002DAA88 /* LabelNode.swift in Sources */ = {isa = PBXBuildFile; fileRef = 1A428CDE1DA4004D002DAA88 /* LabelNode.swift */; };
		1A51C6B61D722D8F005F6D1A /* spark.png in Resources */ = {isa = PBXBuildFile; fileRef = 1A51C6B51D722D8F005F6D1A /* spark.png */; };
		1A5387001CF38A4700226092 /* MenuScene.swift in Sources */ = {isa = PBXBuildFile; fileRef = 1A5386FF1CF38A4700226092 /* MenuScene.swift */; };
		1A739F781CD3181D00655C1F /* mellow.atlas in Resources */ = {isa = PBXBuildFile; fileRef = 1A739F771CD3181D00655C1F /* mellow.atlas */; };
		1A84D9681DD2577A00E9273C /* DefaultPreferences.plist in Resources */ = {isa = PBXBuildFile; fileRef = 1A84D9671DD2577A00E9273C /* DefaultPreferences.plist */; };
		1A9017B31CD171EB00F31C1E /* GameScene.sks in Resources */ = {isa = PBXBuildFile; fileRef = 1A9017B21CD171EB00F31C1E /* GameScene.sks */; };
		1AAB5D451CE0D6EF00F820F0 /* MellowCrushed.sks in Resources */ = {isa = PBXBuildFile; fileRef = 1AAB5D431CE0D6EF00F820F0 /* MellowCrushed.sks */; };
		1AAFB4C11CA07D6100E7472B /* AppDelegate.swift in Sources */ = {isa = PBXBuildFile; fileRef = 1AAFB4C01CA07D6100E7472B /* AppDelegate.swift */; };
		1AAFB4C51CA07D6100E7472B /* GameScene.swift in Sources */ = {isa = PBXBuildFile; fileRef = 1AAFB4C41CA07D6100E7472B /* GameScene.swift */; };
		1AAFB4C71CA07D6100E7472B /* GameViewController.swift in Sources */ = {isa = PBXBuildFile; fileRef = 1AAFB4C61CA07D6100E7472B /* GameViewController.swift */; };
		1AAFB4CC1CA07D6100E7472B /* ButtonImages.xcassets in Resources */ = {isa = PBXBuildFile; fileRef = 1AAFB4CB1CA07D6100E7472B /* ButtonImages.xcassets */; };
		1AAFB4CF1CA07D6100E7472B /* LaunchScreen.storyboard in Resources */ = {isa = PBXBuildFile; fileRef = 1AAFB4CD1CA07D6100E7472B /* LaunchScreen.storyboard */; };
		1AB685D31DBA6D4900F81A72 /* GameKitController.swift in Sources */ = {isa = PBXBuildFile; fileRef = 1AB685D21DBA6D4900F81A72 /* GameKitController.swift */; };
		1AD4131D1D6F4EFD0051E10F /* enums.swift in Sources */ = {isa = PBXBuildFile; fileRef = 1AD4131C1D6F4EFD0051E10F /* enums.swift */; };
		1AE976661D94A4F8002AEF97 /* PauseNode.swift in Sources */ = {isa = PBXBuildFile; fileRef = 1AE976651D94A4F8002AEF97 /* PauseNode.swift */; };
		1AE976681D94A7D9002AEF97 /* GameOverScene.swift in Sources */ = {isa = PBXBuildFile; fileRef = 1AE976671D94A7D9002AEF97 /* GameOverScene.swift */; };
		1AECBCA61CE11B7D007FDC94 /* crushed.atlas in Resources */ = {isa = PBXBuildFile; fileRef = 1AECBCA51CE11B7D007FDC94 /* crushed.atlas */; };
		1AEEF1F21DAB1CF4009A11CF /* ButtonLabelNode.swift in Sources */ = {isa = PBXBuildFile; fileRef = 1AEEF1F11DAB1CF4009A11CF /* ButtonLabelNode.swift */; };
		1AF408BC1D6A4B8100539A7D /* GameKit.framework in Frameworks */ = {isa = PBXBuildFile; fileRef = 1AF408BB1D6A4B8100539A7D /* GameKit.framework */; };
		1AF88CD41CD6B2EF00028E3D /* MellowNode.swift in Sources */ = {isa = PBXBuildFile; fileRef = 1AF88CD31CD6B2EF00028E3D /* MellowNode.swift */; };
		1AFC6CE41CE29F98003F70DC /* wall.atlas in Resources */ = {isa = PBXBuildFile; fileRef = 1AFC6CE31CE29F98003F70DC /* wall.atlas */; };
		1AFD037F1D63697F00A54640 /* DreamsOfAbove.mp3 in Resources */ = {isa = PBXBuildFile; fileRef = 1AFD037E1D63697F00A54640 /* DreamsOfAbove.mp3 */; };
		1AFD03831D636CA700A54640 /* MellowBurned.wav in Resources */ = {isa = PBXBuildFile; fileRef = 1AFD03811D636CA700A54640 /* MellowBurned.wav */; };
		1AFD03841D636CA700A54640 /* MellowCrushed.wav in Resources */ = {isa = PBXBuildFile; fileRef = 1AFD03821D636CA700A54640 /* MellowCrushed.wav */; };
		1AFE715A1DB67C2800E217EC /* ClassicModeScene.swift in Sources */ = {isa = PBXBuildFile; fileRef = 1AFE71591DB67C2800E217EC /* ClassicModeScene.swift */; };
		1AFE715C1DB6835C00E217EC /* TutorialScene.swift in Sources */ = {isa = PBXBuildFile; fileRef = 1AFE715B1DB6835C00E217EC /* TutorialScene.swift */; };
		1AFE715E1DB684D900E217EC /* SKLabelNodeExtension.swift in Sources */ = {isa = PBXBuildFile; fileRef = 1AFE715D1DB684D900E217EC /* SKLabelNodeExtension.swift */; };
/* End PBXBuildFile section */

/* Begin PBXFileReference section */
		0208198C1E6A5BC70089C151 /* AchievementImages.xcassets */ = {isa = PBXFileReference; lastKnownFileType = folder.assetcatalog; name = AchievementImages.xcassets; path = ../AchievementImages.xcassets; sourceTree = "<group>"; };
		020A37211E91E5C200CBB595 /* JetpackTrail.sks */ = {isa = PBXFileReference; lastKnownFileType = file.sks; path = JetpackTrail.sks; sourceTree = "<group>"; };
		020C08461E7F5E4800561BA6 /* PowerUp.swift */ = {isa = PBXFileReference; fileEncoding = 4; lastKnownFileType = sourcecode.swift; path = PowerUp.swift; sourceTree = "<group>"; };
		020C08481E7F75AB00561BA6 /* PowerUpImages.xcassets */ = {isa = PBXFileReference; lastKnownFileType = folder.assetcatalog; path = PowerUpImages.xcassets; sourceTree = "<group>"; };
		021832131EE3C24000914438 /* HeartNode.swift */ = {isa = PBXFileReference; fileEncoding = 4; lastKnownFileType = sourcecode.swift; path = HeartNode.swift; sourceTree = "<group>"; };
		0241597A1EE79F4100AFB848 /* OneWayBridgeNode.swift */ = {isa = PBXFileReference; fileEncoding = 4; lastKnownFileType = sourcecode.swift; path = OneWayBridgeNode.swift; sourceTree = "<group>"; };
		0241597C1EE7A69400AFB848 /* ArcadeBlocks.xcassets */ = {isa = PBXFileReference; lastKnownFileType = folder.assetcatalog; path = ArcadeBlocks.xcassets; sourceTree = "<group>"; };
		024985631E994F280014D3FD /* ButtonClick.wav */ = {isa = PBXFileReference; lastKnownFileType = audio.wav; path = ButtonClick.wav; sourceTree = "<group>"; };
		024CBBA81EBE2D33009D7EBF /* TeleportParticleUp.sks */ = {isa = PBXFileReference; lastKnownFileType = file.sks; path = TeleportParticleUp.sks; sourceTree = "<group>"; };
		02645E851EF768CC00AC9FDC /* OneWayPlatformNode.swift */ = {isa = PBXFileReference; fileEncoding = 4; lastKnownFileType = sourcecode.swift; path = OneWayPlatformNode.swift; sourceTree = "<group>"; };
		0272A00D1E9DB24C00E17618 /* BallAndChain.swift */ = {isa = PBXFileReference; fileEncoding = 4; lastKnownFileType = sourcecode.swift; path = BallAndChain.swift; sourceTree = "<group>"; };
		0273C9B51F46252A0000E503 /* StoreImages.xcassets */ = {isa = PBXFileReference; lastKnownFileType = folder.assetcatalog; path = StoreImages.xcassets; sourceTree = "<group>"; };
		0275464F1E7F13A100159F8F /* Achievements.plist */ = {isa = PBXFileReference; fileEncoding = 4; lastKnownFileType = text.plist.xml; path = Achievements.plist; sourceTree = "<group>"; };
		027546531E7F26F000159F8F /* ArcadeModeScene.swift */ = {isa = PBXFileReference; fileEncoding = 4; lastKnownFileType = sourcecode.swift; path = ArcadeModeScene.swift; sourceTree = "<group>"; };
		02934CBC1F3C9ED500BFD8CB /* AchievementStatus.plist */ = {isa = PBXFileReference; fileEncoding = 4; lastKnownFileType = text.plist.xml; path = AchievementStatus.plist; sourceTree = "<group>"; };
		02A26E151F4236F600AD0385 /* StoreTableViewHandler.swift */ = {isa = PBXFileReference; fileEncoding = 4; lastKnownFileType = sourcecode.swift; path = StoreTableViewHandler.swift; sourceTree = "<group>"; };
		02A26E171F42378E00AD0385 /* StoreTableViewCell.swift */ = {isa = PBXFileReference; fileEncoding = 4; lastKnownFileType = sourcecode.swift; path = StoreTableViewCell.swift; sourceTree = "<group>"; };
		02A2B52E1E50F10600E7D3B7 /* AchievementTableViewHandler.swift */ = {isa = PBXFileReference; fileEncoding = 4; lastKnownFileType = sourcecode.swift; path = AchievementTableViewHandler.swift; sourceTree = "<group>"; };
		02A2B5331E50FF5100E7D3B7 /* AchievementTableViewCell.swift */ = {isa = PBXFileReference; fileEncoding = 4; lastKnownFileType = sourcecode.swift; path = AchievementTableViewCell.swift; sourceTree = "<group>"; };
		02AFC1961F37E1F20021765B /* StorePurchases.plist */ = {isa = PBXFileReference; fileEncoding = 4; lastKnownFileType = text.plist.xml; path = StorePurchases.plist; sourceTree = "<group>"; };
		02AFC1981F37E3CE0021765B /* StoreKitController.swift */ = {isa = PBXFileReference; fileEncoding = 4; lastKnownFileType = sourcecode.swift; path = StoreKitController.swift; sourceTree = "<group>"; };
		02B20CAE1E633DC900534BCC /* LeaderboardTableViewCell.swift */ = {isa = PBXFileReference; fileEncoding = 4; lastKnownFileType = sourcecode.swift; path = LeaderboardTableViewCell.swift; sourceTree = "<group>"; };
		02C4F2A31E5A84F00036FB19 /* LeaderboardTableViewHandler.swift */ = {isa = PBXFileReference; fileEncoding = 4; lastKnownFileType = sourcecode.swift; path = LeaderboardTableViewHandler.swift; sourceTree = "<group>"; };
		02E85D0E1F531F020023D176 /* EventNotifierNode.swift */ = {isa = PBXFileReference; fileEncoding = 4; lastKnownFileType = sourcecode.swift; path = EventNotifierNode.swift; sourceTree = "<group>"; };
		02EAFA791ECBFDFD00687C99 /* teleport.atlas */ = {isa = PBXFileReference; lastKnownFileType = folder.skatlas; path = teleport.atlas; sourceTree = "<group>"; };
		1A0584E21CDD27C300B3DF8B /* RoundedBlock.atlas */ = {isa = PBXFileReference; lastKnownFileType = folder.skatlas; path = RoundedBlock.atlas; sourceTree = "<group>"; };
		1A0584E41CDD281E00B3DF8B /* RoundedBlockNode.swift */ = {isa = PBXFileReference; fileEncoding = 4; lastKnownFileType = sourcecode.swift; path = RoundedBlockNode.swift; sourceTree = "<group>"; };
		1A0584E61CDD288900B3DF8B /* Helper.swift */ = {isa = PBXFileReference; fileEncoding = 4; lastKnownFileType = sourcecode.swift; path = Helper.swift; sourceTree = "<group>"; };
		1A0E90C71CE8E3BC00ED018E /* MellowBurned.sks */ = {isa = PBXFileReference; lastKnownFileType = file.sks; path = MellowBurned.sks; sourceTree = "<group>"; };
		1A0F98D71D94669B00D5D551 /* ButtonNode.swift */ = {isa = PBXFileReference; fileEncoding = 4; lastKnownFileType = sourcecode.swift; path = ButtonNode.swift; sourceTree = "<group>"; };
		1A428CDE1DA4004D002DAA88 /* LabelNode.swift */ = {isa = PBXFileReference; fileEncoding = 4; lastKnownFileType = sourcecode.swift; path = LabelNode.swift; sourceTree = "<group>"; };
		1A51C6B51D722D8F005F6D1A /* spark.png */ = {isa = PBXFileReference; lastKnownFileType = image.png; path = spark.png; sourceTree = "<group>"; };
		1A5386FF1CF38A4700226092 /* MenuScene.swift */ = {isa = PBXFileReference; fileEncoding = 4; lastKnownFileType = sourcecode.swift; path = MenuScene.swift; sourceTree = "<group>"; };
		1A739F771CD3181D00655C1F /* mellow.atlas */ = {isa = PBXFileReference; lastKnownFileType = folder.skatlas; path = mellow.atlas; sourceTree = "<group>"; };
		1A84D9671DD2577A00E9273C /* DefaultPreferences.plist */ = {isa = PBXFileReference; fileEncoding = 4; lastKnownFileType = text.plist.xml; path = DefaultPreferences.plist; sourceTree = "<group>"; };
		1A9017B21CD171EB00F31C1E /* GameScene.sks */ = {isa = PBXFileReference; lastKnownFileType = file.sks; path = GameScene.sks; sourceTree = "<group>"; };
		1AAB5D431CE0D6EF00F820F0 /* MellowCrushed.sks */ = {isa = PBXFileReference; lastKnownFileType = file.sks; path = MellowCrushed.sks; sourceTree = "<group>"; };
		1AAFB4BD1CA07D6100E7472B /* Avalanche.app */ = {isa = PBXFileReference; explicitFileType = wrapper.application; includeInIndex = 0; path = Avalanche.app; sourceTree = BUILT_PRODUCTS_DIR; };
		1AAFB4C01CA07D6100E7472B /* AppDelegate.swift */ = {isa = PBXFileReference; lastKnownFileType = sourcecode.swift; path = AppDelegate.swift; sourceTree = "<group>"; };
		1AAFB4C41CA07D6100E7472B /* GameScene.swift */ = {isa = PBXFileReference; lastKnownFileType = sourcecode.swift; path = GameScene.swift; sourceTree = "<group>"; };
		1AAFB4C61CA07D6100E7472B /* GameViewController.swift */ = {isa = PBXFileReference; lastKnownFileType = sourcecode.swift; path = GameViewController.swift; sourceTree = "<group>"; };
		1AAFB4CB1CA07D6100E7472B /* ButtonImages.xcassets */ = {isa = PBXFileReference; lastKnownFileType = folder.assetcatalog; path = ButtonImages.xcassets; sourceTree = "<group>"; };
		1AAFB4CE1CA07D6100E7472B /* Base */ = {isa = PBXFileReference; lastKnownFileType = file.storyboard; name = Base; path = Base.lproj/LaunchScreen.storyboard; sourceTree = "<group>"; };
		1AAFB4D01CA07D6100E7472B /* Info.plist */ = {isa = PBXFileReference; lastKnownFileType = text.plist.xml; path = Info.plist; sourceTree = "<group>"; };
		1AB685D21DBA6D4900F81A72 /* GameKitController.swift */ = {isa = PBXFileReference; fileEncoding = 4; lastKnownFileType = sourcecode.swift; path = GameKitController.swift; sourceTree = "<group>"; };
		1AD4131C1D6F4EFD0051E10F /* enums.swift */ = {isa = PBXFileReference; fileEncoding = 4; lastKnownFileType = sourcecode.swift; path = enums.swift; sourceTree = "<group>"; };
		1AE976651D94A4F8002AEF97 /* PauseNode.swift */ = {isa = PBXFileReference; fileEncoding = 4; lastKnownFileType = sourcecode.swift; path = PauseNode.swift; sourceTree = "<group>"; };
		1AE976671D94A7D9002AEF97 /* GameOverScene.swift */ = {isa = PBXFileReference; fileEncoding = 4; lastKnownFileType = sourcecode.swift; path = GameOverScene.swift; sourceTree = "<group>"; };
		1AECBCA51CE11B7D007FDC94 /* crushed.atlas */ = {isa = PBXFileReference; lastKnownFileType = folder.skatlas; path = crushed.atlas; sourceTree = "<group>"; };
		1AEEF1F11DAB1CF4009A11CF /* ButtonLabelNode.swift */ = {isa = PBXFileReference; fileEncoding = 4; lastKnownFileType = sourcecode.swift; path = ButtonLabelNode.swift; sourceTree = "<group>"; };
		1AF408BB1D6A4B8100539A7D /* GameKit.framework */ = {isa = PBXFileReference; lastKnownFileType = wrapper.framework; name = GameKit.framework; path = System/Library/Frameworks/GameKit.framework; sourceTree = SDKROOT; };
		1AF88CD31CD6B2EF00028E3D /* MellowNode.swift */ = {isa = PBXFileReference; fileEncoding = 4; lastKnownFileType = sourcecode.swift; path = MellowNode.swift; sourceTree = "<group>"; };
		1AFC6CE31CE29F98003F70DC /* wall.atlas */ = {isa = PBXFileReference; lastKnownFileType = folder.skatlas; path = wall.atlas; sourceTree = "<group>"; };
		1AFD037E1D63697F00A54640 /* DreamsOfAbove.mp3 */ = {isa = PBXFileReference; lastKnownFileType = audio.mp3; path = DreamsOfAbove.mp3; sourceTree = "<group>"; };
		1AFD03811D636CA700A54640 /* MellowBurned.wav */ = {isa = PBXFileReference; lastKnownFileType = audio.wav; path = MellowBurned.wav; sourceTree = "<group>"; };
		1AFD03821D636CA700A54640 /* MellowCrushed.wav */ = {isa = PBXFileReference; lastKnownFileType = audio.wav; path = MellowCrushed.wav; sourceTree = "<group>"; };
		1AFE71591DB67C2800E217EC /* ClassicModeScene.swift */ = {isa = PBXFileReference; fileEncoding = 4; lastKnownFileType = sourcecode.swift; path = ClassicModeScene.swift; sourceTree = "<group>"; };
		1AFE715B1DB6835C00E217EC /* TutorialScene.swift */ = {isa = PBXFileReference; fileEncoding = 4; lastKnownFileType = sourcecode.swift; path = TutorialScene.swift; sourceTree = "<group>"; };
		1AFE715D1DB684D900E217EC /* SKLabelNodeExtension.swift */ = {isa = PBXFileReference; fileEncoding = 4; lastKnownFileType = sourcecode.swift; path = SKLabelNodeExtension.swift; sourceTree = "<group>"; };
		582D5E7751B639D5D53DEA06 /* libPods-Avalanche.a */ = {isa = PBXFileReference; explicitFileType = archive.ar; includeInIndex = 0; path = "libPods-Avalanche.a"; sourceTree = BUILT_PRODUCTS_DIR; };
		5F71FC08EF2E511B1AC52F8C /* Pods-Avalanche.release.xcconfig */ = {isa = PBXFileReference; includeInIndex = 1; lastKnownFileType = text.xcconfig; name = "Pods-Avalanche.release.xcconfig"; path = "Pods/Target Support Files/Pods-Avalanche/Pods-Avalanche.release.xcconfig"; sourceTree = "<group>"; };
		DA71F90E34C540BCB752CEDC /* Pods-Avalanche.debug.xcconfig */ = {isa = PBXFileReference; includeInIndex = 1; lastKnownFileType = text.xcconfig; name = "Pods-Avalanche.debug.xcconfig"; path = "Pods/Target Support Files/Pods-Avalanche/Pods-Avalanche.debug.xcconfig"; sourceTree = "<group>"; };
/* End PBXFileReference section */

/* Begin PBXFrameworksBuildPhase section */
		1AAFB4BA1CA07D6100E7472B /* Frameworks */ = {
			isa = PBXFrameworksBuildPhase;
			buildActionMask = 2147483647;
			files = (
				1AF408BC1D6A4B8100539A7D /* GameKit.framework in Frameworks */,
			);
			runOnlyForDeploymentPostprocessing = 0;
		};
/* End PBXFrameworksBuildPhase section */

/* Begin PBXGroup section */
		02A2B5301E50FF2300E7D3B7 /* Controllers */ = {
			isa = PBXGroup;
			children = (
				1AB685D21DBA6D4900F81A72 /* GameKitController.swift */,
				02AFC1981F37E3CE0021765B /* StoreKitController.swift */,
				1AAFB4C61CA07D6100E7472B /* GameViewController.swift */,
				02A2B52E1E50F10600E7D3B7 /* AchievementTableViewHandler.swift */,
				02C4F2A31E5A84F00036FB19 /* LeaderboardTableViewHandler.swift */,
				02A26E151F4236F600AD0385 /* StoreTableViewHandler.swift */,
			);
			name = Controllers;
			sourceTree = "<group>";
		};
		02A2B5321E50FF3F00E7D3B7 /* Views */ = {
			isa = PBXGroup;
			children = (
				02A2B5331E50FF5100E7D3B7 /* AchievementTableViewCell.swift */,
				02A26E171F42378E00AD0385 /* StoreTableViewCell.swift */,
				02B20CAE1E633DC900534BCC /* LeaderboardTableViewCell.swift */,
			);
			name = Views;
			sourceTree = "<group>";
		};
		1AAFB4B41CA07D6100E7472B = {
			isa = PBXGroup;
			children = (
				1AF408BB1D6A4B8100539A7D /* GameKit.framework */,
				1AAFB4BF1CA07D6100E7472B /* Avalanche */,
				1AAFB4BE1CA07D6100E7472B /* Products */,
				F544E4F8D471A67B938C0EBA /* Pods */,
				C4A615E9615C003CE742C5CB /* Frameworks */,
			);
			sourceTree = "<group>";
		};
		1AAFB4BE1CA07D6100E7472B /* Products */ = {
			isa = PBXGroup;
			children = (
				1AAFB4BD1CA07D6100E7472B /* Avalanche.app */,
			);
			name = Products;
			sourceTree = "<group>";
		};
		1AAFB4BF1CA07D6100E7472B /* Avalanche */ = {
			isa = PBXGroup;
			children = (
				1AAFB4C01CA07D6100E7472B /* AppDelegate.swift */,
				1AFE71521DB67A5A00E217EC /* Scenes */,
				02A2B5301E50FF2300E7D3B7 /* Controllers */,
				1AFE71541DB67A7E00E217EC /* StaticNodes */,
				1AFE71511DB67A3F00E217EC /* Sprites */,
				1AFD03801D636C5B00A54640 /* Audio */,
				1AFE71551DB67A8C00E217EC /* GameNodes */,
				1AFE71561DB67AB200E217EC /* Helpers */,
				1AFE71581DB67ADA00E217EC /* Emitters */,
				02A2B5321E50FF3F00E7D3B7 /* Views */,
				1AAFB4CB1CA07D6100E7472B /* ButtonImages.xcassets */,
				0208198C1E6A5BC70089C151 /* AchievementImages.xcassets */,
				0241597C1EE7A69400AFB848 /* ArcadeBlocks.xcassets */,
				020C08481E7F75AB00561BA6 /* PowerUpImages.xcassets */,
				0273C9B51F46252A0000E503 /* StoreImages.xcassets */,
				1AAFB4CD1CA07D6100E7472B /* LaunchScreen.storyboard */,
				1AAFB4D01CA07D6100E7472B /* Info.plist */,
				1A84D9671DD2577A00E9273C /* DefaultPreferences.plist */,
				0275464F1E7F13A100159F8F /* Achievements.plist */,
				02AFC1961F37E1F20021765B /* StorePurchases.plist */,
				02934CBC1F3C9ED500BFD8CB /* AchievementStatus.plist */,
			);
			path = Avalanche;
			sourceTree = "<group>";
		};
		1AFD03801D636C5B00A54640 /* Audio */ = {
			isa = PBXGroup;
			children = (
				024985631E994F280014D3FD /* ButtonClick.wav */,
				1AFD03811D636CA700A54640 /* MellowBurned.wav */,
				1AFD03821D636CA700A54640 /* MellowCrushed.wav */,
				1AFD037E1D63697F00A54640 /* DreamsOfAbove.mp3 */,
			);
			name = Audio;
			sourceTree = "<group>";
		};
		1AFE71511DB67A3F00E217EC /* Sprites */ = {
			isa = PBXGroup;
			children = (
				02EAFA791ECBFDFD00687C99 /* teleport.atlas */,
				1AFC6CE31CE29F98003F70DC /* wall.atlas */,
				1AECBCA51CE11B7D007FDC94 /* crushed.atlas */,
				1A0584E21CDD27C300B3DF8B /* RoundedBlock.atlas */,
				1A739F771CD3181D00655C1F /* mellow.atlas */,
			);
			name = Sprites;
			sourceTree = "<group>";
		};
		1AFE71521DB67A5A00E217EC /* Scenes */ = {
			isa = PBXGroup;
			children = (
				1AE976671D94A7D9002AEF97 /* GameOverScene.swift */,
				1AFE71591DB67C2800E217EC /* ClassicModeScene.swift */,
				027546531E7F26F000159F8F /* ArcadeModeScene.swift */,
				1AAFB4C41CA07D6100E7472B /* GameScene.swift */,
				1A9017B21CD171EB00F31C1E /* GameScene.sks */,
				1A5386FF1CF38A4700226092 /* MenuScene.swift */,
				1AFE715B1DB6835C00E217EC /* TutorialScene.swift */,
			);
			name = Scenes;
			sourceTree = "<group>";
		};
		1AFE71541DB67A7E00E217EC /* StaticNodes */ = {
			isa = PBXGroup;
			children = (
				1A0F98D71D94669B00D5D551 /* ButtonNode.swift */,
				1A428CDE1DA4004D002DAA88 /* LabelNode.swift */,
				1AEEF1F11DAB1CF4009A11CF /* ButtonLabelNode.swift */,
				1AE976651D94A4F8002AEF97 /* PauseNode.swift */,
			);
			name = StaticNodes;
			sourceTree = "<group>";
		};
		1AFE71551DB67A8C00E217EC /* GameNodes */ = {
			isa = PBXGroup;
			children = (
				1AF88CD31CD6B2EF00028E3D /* MellowNode.swift */,
				02E85D0E1F531F020023D176 /* EventNotifierNode.swift */,
				0241597A1EE79F4100AFB848 /* OneWayBridgeNode.swift */,
				021832131EE3C24000914438 /* HeartNode.swift */,
				1A0584E41CDD281E00B3DF8B /* RoundedBlockNode.swift */,
				020C08461E7F5E4800561BA6 /* PowerUp.swift */,
				0272A00D1E9DB24C00E17618 /* BallAndChain.swift */,
				02645E851EF768CC00AC9FDC /* OneWayPlatformNode.swift */,
			);
			name = GameNodes;
			sourceTree = "<group>";
		};
		1AFE71561DB67AB200E217EC /* Helpers */ = {
			isa = PBXGroup;
			children = (
				1AD4131C1D6F4EFD0051E10F /* enums.swift */,
				1AFE715D1DB684D900E217EC /* SKLabelNodeExtension.swift */,
				1A0584E61CDD288900B3DF8B /* Helper.swift */,
			);
			name = Helpers;
			sourceTree = "<group>";
		};
		1AFE71581DB67ADA00E217EC /* Emitters */ = {
			isa = PBXGroup;
			children = (
				1AAB5D431CE0D6EF00F820F0 /* MellowCrushed.sks */,
				024CBBA81EBE2D33009D7EBF /* TeleportParticleUp.sks */,
				020A37211E91E5C200CBB595 /* JetpackTrail.sks */,
				1A0E90C71CE8E3BC00ED018E /* MellowBurned.sks */,
				1A51C6B51D722D8F005F6D1A /* spark.png */,
			);
			name = Emitters;
			sourceTree = "<group>";
		};
		C4A615E9615C003CE742C5CB /* Frameworks */ = {
			isa = PBXGroup;
			children = (
				582D5E7751B639D5D53DEA06 /* libPods-Avalanche.a */,
			);
			name = Frameworks;
			sourceTree = "<group>";
		};
		F544E4F8D471A67B938C0EBA /* Pods */ = {
			isa = PBXGroup;
			children = (
				DA71F90E34C540BCB752CEDC /* Pods-Avalanche.debug.xcconfig */,
				5F71FC08EF2E511B1AC52F8C /* Pods-Avalanche.release.xcconfig */,
			);
			name = Pods;
			sourceTree = "<group>";
		};
/* End PBXGroup section */

/* Begin PBXNativeTarget section */
		1AAFB4BC1CA07D6100E7472B /* Avalanche */ = {
			isa = PBXNativeTarget;
			buildConfigurationList = 1AAFB4D31CA07D6100E7472B /* Build configuration list for PBXNativeTarget "Avalanche" */;
			buildPhases = (
				D7FEA7394A54258AF91D7659 /* [CP] Check Pods Manifest.lock */,
				1AAFB4B91CA07D6100E7472B /* Sources */,
				1AAFB4BA1CA07D6100E7472B /* Frameworks */,
				1AAFB4BB1CA07D6100E7472B /* Resources */,
				EC41E8D5543628F22270F169 /* [CP] Embed Pods Frameworks */,
				596EF3FA16263E0F70905F3F /* [CP] Copy Pods Resources */,
			);
			buildRules = (
			);
			dependencies = (
			);
			name = Avalanche;
			productName = Avalanche;
			productReference = 1AAFB4BD1CA07D6100E7472B /* Avalanche.app */;
			productType = "com.apple.product-type.application";
		};
/* End PBXNativeTarget section */

/* Begin PBXProject section */
		1AAFB4B51CA07D6100E7472B /* Project object */ = {
			isa = PBXProject;
			attributes = {
				LastSwiftUpdateCheck = 0720;
				LastUpgradeCheck = 0900;
				ORGANIZATIONNAME = LooseFuzz;
				TargetAttributes = {
					1AAFB4BC1CA07D6100E7472B = {
						CreatedOnToolsVersion = 7.2.1;
						DevelopmentTeam = YCSFQ3X3F2;
						LastSwiftMigration = 0900;
						ProvisioningStyle = Automatic;
						SystemCapabilities = {
							com.apple.GameCenter = {
								enabled = 1;
							};
						};
					};
				};
			};
			buildConfigurationList = 1AAFB4B81CA07D6100E7472B /* Build configuration list for PBXProject "Avalanche" */;
			compatibilityVersion = "Xcode 3.2";
			developmentRegion = English;
			hasScannedForEncodings = 0;
			knownRegions = (
				en,
				Base,
			);
			mainGroup = 1AAFB4B41CA07D6100E7472B;
			productRefGroup = 1AAFB4BE1CA07D6100E7472B /* Products */;
			projectDirPath = "";
			projectRoot = "";
			targets = (
				1AAFB4BC1CA07D6100E7472B /* Avalanche */,
			);
		};
/* End PBXProject section */

/* Begin PBXResourcesBuildPhase section */
		1AAFB4BB1CA07D6100E7472B /* Resources */ = {
			isa = PBXResourcesBuildPhase;
			buildActionMask = 2147483647;
			files = (
				02AFC1971F37E1F20021765B /* StorePurchases.plist in Resources */,
				1A0E90C81CE8E3BC00ED018E /* MellowBurned.sks in Resources */,
				1AAFB4CF1CA07D6100E7472B /* LaunchScreen.storyboard in Resources */,
				1A9017B31CD171EB00F31C1E /* GameScene.sks in Resources */,
				1A51C6B61D722D8F005F6D1A /* spark.png in Resources */,
				1A739F781CD3181D00655C1F /* mellow.atlas in Resources */,
				02934CBD1F3C9ED500BFD8CB /* AchievementStatus.plist in Resources */,
				1AFC6CE41CE29F98003F70DC /* wall.atlas in Resources */,
				1AFD03841D636CA700A54640 /* MellowCrushed.wav in Resources */,
				0208198D1E6A5BC70089C151 /* AchievementImages.xcassets in Resources */,
				02EAFA7A1ECBFDFD00687C99 /* teleport.atlas in Resources */,
				027546501E7F13A100159F8F /* Achievements.plist in Resources */,
				1AFD03831D636CA700A54640 /* MellowBurned.wav in Resources */,
				1AAFB4CC1CA07D6100E7472B /* ButtonImages.xcassets in Resources */,
				020A37231E91E5C200CBB595 /* JetpackTrail.sks in Resources */,
				1A84D9681DD2577A00E9273C /* DefaultPreferences.plist in Resources */,
				0273C9B61F46252A0000E503 /* StoreImages.xcassets in Resources */,
				024985641E994F280014D3FD /* ButtonClick.wav in Resources */,
				1A0584E31CDD27C300B3DF8B /* RoundedBlock.atlas in Resources */,
				024CBBAA1EBE2D33009D7EBF /* TeleportParticleUp.sks in Resources */,
				1AFD037F1D63697F00A54640 /* DreamsOfAbove.mp3 in Resources */,
				1AAB5D451CE0D6EF00F820F0 /* MellowCrushed.sks in Resources */,
				0241597D1EE7A69400AFB848 /* ArcadeBlocks.xcassets in Resources */,
				020C08491E7F75AB00561BA6 /* PowerUpImages.xcassets in Resources */,
				1AECBCA61CE11B7D007FDC94 /* crushed.atlas in Resources */,
			);
			runOnlyForDeploymentPostprocessing = 0;
		};
/* End PBXResourcesBuildPhase section */

/* Begin PBXShellScriptBuildPhase section */
		596EF3FA16263E0F70905F3F /* [CP] Copy Pods Resources */ = {
			isa = PBXShellScriptBuildPhase;
			buildActionMask = 2147483647;
			files = (
			);
			inputPaths = (
			);
			name = "[CP] Copy Pods Resources";
			outputPaths = (
			);
			runOnlyForDeploymentPostprocessing = 0;
			shellPath = /bin/sh;
			shellScript = "\"${SRCROOT}/Pods/Target Support Files/Pods-Avalanche/Pods-Avalanche-resources.sh\"\n";
			showEnvVarsInLog = 0;
		};
		D7FEA7394A54258AF91D7659 /* [CP] Check Pods Manifest.lock */ = {
			isa = PBXShellScriptBuildPhase;
			buildActionMask = 2147483647;
			files = (
			);
			inputPaths = (
				"${PODS_PODFILE_DIR_PATH}/Podfile.lock",
				"${PODS_ROOT}/Manifest.lock",
			);
			name = "[CP] Check Pods Manifest.lock";
			outputPaths = (
				"$(DERIVED_FILE_DIR)/Pods-Avalanche-checkManifestLockResult.txt",
			);
			runOnlyForDeploymentPostprocessing = 0;
			shellPath = /bin/sh;
			shellScript = "diff \"${PODS_PODFILE_DIR_PATH}/Podfile.lock\" \"${PODS_ROOT}/Manifest.lock\" > /dev/null\nif [ $? != 0 ] ; then\n    # print error to STDERR\n    echo \"error: The sandbox is not in sync with the Podfile.lock. Run 'pod install' or update your CocoaPods installation.\" >&2\n    exit 1\nfi\n# This output is used by Xcode 'outputs' to avoid re-running this script phase.\necho \"SUCCESS\" > \"${SCRIPT_OUTPUT_FILE_0}\"\n";
			showEnvVarsInLog = 0;
		};
		EC41E8D5543628F22270F169 /* [CP] Embed Pods Frameworks */ = {
			isa = PBXShellScriptBuildPhase;
			buildActionMask = 2147483647;
			files = (
			);
			inputPaths = (
			);
			name = "[CP] Embed Pods Frameworks";
			outputPaths = (
			);
			runOnlyForDeploymentPostprocessing = 0;
			shellPath = /bin/sh;
			shellScript = "\"${SRCROOT}/Pods/Target Support Files/Pods-Avalanche/Pods-Avalanche-frameworks.sh\"\n";
			showEnvVarsInLog = 0;
		};
/* End PBXShellScriptBuildPhase section */

/* Begin PBXSourcesBuildPhase section */
		1AAFB4B91CA07D6100E7472B /* Sources */ = {
			isa = PBXSourcesBuildPhase;
			buildActionMask = 2147483647;
			files = (
				02AFC1991F37E3CE0021765B /* StoreKitController.swift in Sources */,
				1AAFB4C51CA07D6100E7472B /* GameScene.swift in Sources */,
				02645E861EF768CC00AC9FDC /* OneWayPlatformNode.swift in Sources */,
				1AB685D31DBA6D4900F81A72 /* GameKitController.swift in Sources */,
				02A2B52F1E50F10600E7D3B7 /* AchievementTableViewHandler.swift in Sources */,
				1AF88CD41CD6B2EF00028E3D /* MellowNode.swift in Sources */,
				02E85D0F1F531F020023D176 /* EventNotifierNode.swift in Sources */,
				1AAFB4C71CA07D6100E7472B /* GameViewController.swift in Sources */,
				1A5387001CF38A4700226092 /* MenuScene.swift in Sources */,
				0272A00E1E9DB24C00E17618 /* BallAndChain.swift in Sources */,
				02A26E181F42378E00AD0385 /* StoreTableViewCell.swift in Sources */,
				02B20CAF1E633DC900534BCC /* LeaderboardTableViewCell.swift in Sources */,
				021832141EE3C24000914438 /* HeartNode.swift in Sources */,
				1AFE715C1DB6835C00E217EC /* TutorialScene.swift in Sources */,
				1A0584E51CDD281E00B3DF8B /* RoundedBlockNode.swift in Sources */,
				027546541E7F26F000159F8F /* ArcadeModeScene.swift in Sources */,
				02A2B5341E50FF5100E7D3B7 /* AchievementTableViewCell.swift in Sources */,
				1AFE715E1DB684D900E217EC /* SKLabelNodeExtension.swift in Sources */,
				02C4F2A41E5A84F00036FB19 /* LeaderboardTableViewHandler.swift in Sources */,
				0241597B1EE79F4100AFB848 /* OneWayBridgeNode.swift in Sources */,
				1AE976681D94A7D9002AEF97 /* GameOverScene.swift in Sources */,
				1AEEF1F21DAB1CF4009A11CF /* ButtonLabelNode.swift in Sources */,
				1AE976661D94A4F8002AEF97 /* PauseNode.swift in Sources */,
				1AAFB4C11CA07D6100E7472B /* AppDelegate.swift in Sources */,
				1A428CDF1DA4004D002DAA88 /* LabelNode.swift in Sources */,
				02A26E161F4236F600AD0385 /* StoreTableViewHandler.swift in Sources */,
				020C08471E7F5E4800561BA6 /* PowerUp.swift in Sources */,
				1AD4131D1D6F4EFD0051E10F /* enums.swift in Sources */,
				1A0584E71CDD288900B3DF8B /* Helper.swift in Sources */,
				1AFE715A1DB67C2800E217EC /* ClassicModeScene.swift in Sources */,
				1A0F98D81D94669B00D5D551 /* ButtonNode.swift in Sources */,
			);
			runOnlyForDeploymentPostprocessing = 0;
		};
/* End PBXSourcesBuildPhase section */

/* Begin PBXVariantGroup section */
		1AAFB4CD1CA07D6100E7472B /* LaunchScreen.storyboard */ = {
			isa = PBXVariantGroup;
			children = (
				1AAFB4CE1CA07D6100E7472B /* Base */,
			);
			name = LaunchScreen.storyboard;
			sourceTree = "<group>";
		};
/* End PBXVariantGroup section */

/* Begin XCBuildConfiguration section */
		1AAFB4D11CA07D6100E7472B /* Debug */ = {
			isa = XCBuildConfiguration;
			buildSettings = {
				ALWAYS_SEARCH_USER_PATHS = NO;
				CLANG_CXX_LANGUAGE_STANDARD = "gnu++0x";
				CLANG_CXX_LIBRARY = "libc++";
				CLANG_ENABLE_MODULES = YES;
				CLANG_ENABLE_OBJC_ARC = YES;
				CLANG_WARN_BLOCK_CAPTURE_AUTORELEASING = YES;
				CLANG_WARN_BOOL_CONVERSION = YES;
				CLANG_WARN_COMMA = YES;
				CLANG_WARN_CONSTANT_CONVERSION = YES;
				CLANG_WARN_DIRECT_OBJC_ISA_USAGE = YES_ERROR;
				CLANG_WARN_EMPTY_BODY = YES;
				CLANG_WARN_ENUM_CONVERSION = YES;
				CLANG_WARN_INFINITE_RECURSION = YES;
				CLANG_WARN_INT_CONVERSION = YES;
				CLANG_WARN_NON_LITERAL_NULL_CONVERSION = YES;
				CLANG_WARN_OBJC_LITERAL_CONVERSION = YES;
				CLANG_WARN_OBJC_ROOT_CLASS = YES_ERROR;
				CLANG_WARN_RANGE_LOOP_ANALYSIS = YES;
				CLANG_WARN_STRICT_PROTOTYPES = YES;
				CLANG_WARN_SUSPICIOUS_MOVE = YES;
				CLANG_WARN_UNREACHABLE_CODE = YES;
				CLANG_WARN__DUPLICATE_METHOD_MATCH = YES;
				"CODE_SIGN_IDENTITY[sdk=iphoneos*]" = "iPhone Developer";
				COPY_PHASE_STRIP = NO;
				DEBUG_INFORMATION_FORMAT = "dwarf-with-dsym";
				ENABLE_STRICT_OBJC_MSGSEND = YES;
				ENABLE_TESTABILITY = YES;
				GCC_C_LANGUAGE_STANDARD = gnu99;
				GCC_DYNAMIC_NO_PIC = NO;
				GCC_NO_COMMON_BLOCKS = YES;
				GCC_OPTIMIZATION_LEVEL = 0;
				GCC_PREPROCESSOR_DEFINITIONS = (
					"DEBUG=1",
					"$(inherited)",
				);
				GCC_WARN_64_TO_32_BIT_CONVERSION = YES;
				GCC_WARN_ABOUT_RETURN_TYPE = YES_ERROR;
				GCC_WARN_UNDECLARED_SELECTOR = YES;
				GCC_WARN_UNINITIALIZED_AUTOS = YES_AGGRESSIVE;
				GCC_WARN_UNUSED_FUNCTION = YES;
				GCC_WARN_UNUSED_VARIABLE = YES;
				IPHONEOS_DEPLOYMENT_TARGET = 11.2;
				MTL_ENABLE_DEBUG_INFO = YES;
				ONLY_ACTIVE_ARCH = YES;
				SDKROOT = iphoneos;
				SWIFT_OPTIMIZATION_LEVEL = "-Onone";
			};
			name = Debug;
		};
		1AAFB4D21CA07D6100E7472B /* Release */ = {
			isa = XCBuildConfiguration;
			buildSettings = {
				ALWAYS_SEARCH_USER_PATHS = NO;
				CLANG_CXX_LANGUAGE_STANDARD = "gnu++0x";
				CLANG_CXX_LIBRARY = "libc++";
				CLANG_ENABLE_MODULES = YES;
				CLANG_ENABLE_OBJC_ARC = YES;
				CLANG_WARN_BLOCK_CAPTURE_AUTORELEASING = YES;
				CLANG_WARN_BOOL_CONVERSION = YES;
				CLANG_WARN_COMMA = YES;
				CLANG_WARN_CONSTANT_CONVERSION = YES;
				CLANG_WARN_DIRECT_OBJC_ISA_USAGE = YES_ERROR;
				CLANG_WARN_EMPTY_BODY = YES;
				CLANG_WARN_ENUM_CONVERSION = YES;
				CLANG_WARN_INFINITE_RECURSION = YES;
				CLANG_WARN_INT_CONVERSION = YES;
				CLANG_WARN_NON_LITERAL_NULL_CONVERSION = YES;
				CLANG_WARN_OBJC_LITERAL_CONVERSION = YES;
				CLANG_WARN_OBJC_ROOT_CLASS = YES_ERROR;
				CLANG_WARN_RANGE_LOOP_ANALYSIS = YES;
				CLANG_WARN_STRICT_PROTOTYPES = YES;
				CLANG_WARN_SUSPICIOUS_MOVE = YES;
				CLANG_WARN_UNREACHABLE_CODE = YES;
				CLANG_WARN__DUPLICATE_METHOD_MATCH = YES;
				"CODE_SIGN_IDENTITY[sdk=iphoneos*]" = "iPhone Developer";
				COPY_PHASE_STRIP = NO;
				DEBUG_INFORMATION_FORMAT = "dwarf-with-dsym";
				ENABLE_NS_ASSERTIONS = NO;
				ENABLE_STRICT_OBJC_MSGSEND = YES;
				GCC_C_LANGUAGE_STANDARD = gnu99;
				GCC_NO_COMMON_BLOCKS = YES;
				GCC_WARN_64_TO_32_BIT_CONVERSION = YES;
				GCC_WARN_ABOUT_RETURN_TYPE = YES_ERROR;
				GCC_WARN_UNDECLARED_SELECTOR = YES;
				GCC_WARN_UNINITIALIZED_AUTOS = YES_AGGRESSIVE;
				GCC_WARN_UNUSED_FUNCTION = YES;
				GCC_WARN_UNUSED_VARIABLE = YES;
				IPHONEOS_DEPLOYMENT_TARGET = 11.2;
				MTL_ENABLE_DEBUG_INFO = NO;
				SDKROOT = iphoneos;
				SWIFT_OPTIMIZATION_LEVEL = "-Owholemodule";
				VALIDATE_PRODUCT = YES;
			};
			name = Release;
		};
		1AAFB4D41CA07D6100E7472B /* Debug */ = {
			isa = XCBuildConfiguration;
			baseConfigurationReference = DA71F90E34C540BCB752CEDC /* Pods-Avalanche.debug.xcconfig */;
			buildSettings = {
				ASSETCATALOG_COMPILER_APPICON_NAME = AppIcon;
				"CODE_SIGN_IDENTITY[sdk=iphoneos*]" = "iPhone Developer";
				DEVELOPMENT_TEAM = YCSFQ3X3F2;
				INFOPLIST_FILE = Avalanche/Info.plist;
				LD_RUNPATH_SEARCH_PATHS = "$(inherited) @executable_path/Frameworks";
				PRODUCT_BUNDLE_IDENTIFIER = com.fuzz.Avalanche;
				PRODUCT_NAME = "$(TARGET_NAME)";
				PROVISIONING_PROFILE = "";
				PROVISIONING_PROFILE_SPECIFIER = "";
				SWIFT_SWIFT3_OBJC_INFERENCE = Default;
				SWIFT_VERSION = 4.0;
			};
			name = Debug;
		};
		1AAFB4D51CA07D6100E7472B /* Release */ = {
			isa = XCBuildConfiguration;
			baseConfigurationReference = 5F71FC08EF2E511B1AC52F8C /* Pods-Avalanche.release.xcconfig */;
			buildSettings = {
				ASSETCATALOG_COMPILER_APPICON_NAME = AppIcon;
				"CODE_SIGN_IDENTITY[sdk=iphoneos*]" = "iPhone Developer";
				DEVELOPMENT_TEAM = YCSFQ3X3F2;
				INFOPLIST_FILE = Avalanche/Info.plist;
				LD_RUNPATH_SEARCH_PATHS = "$(inherited) @executable_path/Frameworks";
				PRODUCT_BUNDLE_IDENTIFIER = com.fuzz.Avalanche;
				PRODUCT_NAME = "$(TARGET_NAME)";
				SWIFT_SWIFT3_OBJC_INFERENCE = Default;
				SWIFT_VERSION = 4.0;
			};
			name = Release;
		};
/* End XCBuildConfiguration section */

/* Begin XCConfigurationList section */
		1AAFB4B81CA07D6100E7472B /* Build configuration list for PBXProject "Avalanche" */ = {
			isa = XCConfigurationList;
			buildConfigurations = (
				1AAFB4D11CA07D6100E7472B /* Debug */,
				1AAFB4D21CA07D6100E7472B /* Release */,
			);
			defaultConfigurationIsVisible = 0;
			defaultConfigurationName = Release;
		};
		1AAFB4D31CA07D6100E7472B /* Build configuration list for PBXNativeTarget "Avalanche" */ = {
			isa = XCConfigurationList;
			buildConfigurations = (
				1AAFB4D41CA07D6100E7472B /* Debug */,
				1AAFB4D51CA07D6100E7472B /* Release */,
			);
			defaultConfigurationIsVisible = 0;
			defaultConfigurationName = Release;
		};
/* End XCConfigurationList section */
	};
	rootObject = 1AAFB4B51CA07D6100E7472B /* Project object */;
}
